// !$*UTF8*$!
{
	archiveVersion = 1;
	classes = {
	};
	objectVersion = 77;
	objects = {

/* Begin PBXBuildFile section */
		061628E0638E46325E2C694F /* ScreenCaptureKit.framework in Frameworks */ = {isa = PBXBuildFile; fileRef = 8264B4927FA29324B3082C8D /* ScreenCaptureKit.framework */; };
		09649F3D0E23395E9A560FF4 /* CapturePermissions.swift in Sources */ = {isa = PBXBuildFile; fileRef = CFD538739F8F85B93B04CF9B /* CapturePermissions.swift */; };
		138964C69843005C13E94D81 /* DisplayRegistry.swift in Sources */ = {isa = PBXBuildFile; fileRef = A3DD901C56198F1D062B4AE8 /* DisplayRegistry.swift */; };
		153B9C3F669CE2B005CC337A /* AppDelegate.swift in Sources */ = {isa = PBXBuildFile; fileRef = 34F9CBD48F456A11298681A3 /* AppDelegate.swift */; };
		1655D927E4065B42D29A171A /* ScreenCaptureService.swift in Sources */ = {isa = PBXBuildFile; fileRef = C7EACD178D4BBAEE6372399D /* ScreenCaptureService.swift */; };
		22CACC92B6D6FC651389330A /* PNGFileWriter.swift in Sources */ = {isa = PBXBuildFile; fileRef = 0AC89C9B42EA6C2529984E14 /* PNGFileWriter.swift */; };
		2E59F05815802724D209D083 /* Models.swift in Sources */ = {isa = PBXBuildFile; fileRef = 7750B2987E6777230361139F /* Models.swift */; };
		3A005CD4098D27D95C8B2869 /* CapturePermissions.swift in Sources */ = {isa = PBXBuildFile; fileRef = CFD538739F8F85B93B04CF9B /* CapturePermissions.swift */; };
		3B540A89F3E2B8C5C7C10329 /* SelectionState.swift in Sources */ = {isa = PBXBuildFile; fileRef = 36A892D47683D5E69EADD2DF /* SelectionState.swift */; };
		3E75805BB2408C6667781557 /* OverlayView.swift in Sources */ = {isa = PBXBuildFile; fileRef = 8BF2A9F2F3D9B67D15AB1433 /* OverlayView.swift */; };
		4260E97965CCBD935C2BA8B2 /* ScreenCaptureService.swift in Sources */ = {isa = PBXBuildFile; fileRef = C7EACD178D4BBAEE6372399D /* ScreenCaptureService.swift */; };
		4605BF8DD907E975B88B706A /* SelectionRenderer.swift in Sources */ = {isa = PBXBuildFile; fileRef = F0AA1952BF92CAFD4551694A /* SelectionRenderer.swift */; };
		4667189B9F30FD9D7E0454E1 /* OverlayWindow.swift in Sources */ = {isa = PBXBuildFile; fileRef = E0430FBE9892AC99DE9AAE39 /* OverlayWindow.swift */; };
		468B665DFF810784119CF70D /* ImageCropper.swift in Sources */ = {isa = PBXBuildFile; fileRef = 4D0F7DD71D4E1BC53EFC26F1 /* ImageCropper.swift */; };
		4FD80FC294E62331372F7452 /* GlobalHotkeyManager.swift in Sources */ = {isa = PBXBuildFile; fileRef = 7560B2696930FD76C6C466FF /* GlobalHotkeyManager.swift */; };
		604BFBD385382346DBCC309F /* QQShotNativeApp.swift in Sources */ = {isa = PBXBuildFile; fileRef = 4D70B47FE82402969D7F0257 /* QQShotNativeApp.swift */; };
		7760BE470A1D6DB8EBB64034 /* Logger.swift in Sources */ = {isa = PBXBuildFile; fileRef = FED7EC35F1714F5BC58C7342 /* Logger.swift */; };
		7D5F90E5952B0835AFD0157E /* FileSaver.swift in Sources */ = {isa = PBXBuildFile; fileRef = F72D61CD35695EA722736128 /* FileSaver.swift */; };
		8628392F2FBDE52A6CA15875 /* ImageIO.framework in Frameworks */ = {isa = PBXBuildFile; fileRef = DCC68AB801BFF8C7936D5AB5 /* ImageIO.framework */; };
		8E29C0A21C5F7E062B8D954F /* PNGFileWriter.swift in Sources */ = {isa = PBXBuildFile; fileRef = 0AC89C9B42EA6C2529984E14 /* PNGFileWriter.swift */; };
		9A37563A3E4FEB64FA83A07F /* CaptureTests.swift in Sources */ = {isa = PBXBuildFile; fileRef = F10063C5F30984CB9A7CD8E2 /* CaptureTests.swift */; };
		A88A60F5C2D71B8AFD494218 /* UniformTypeIdentifiers.framework in Frameworks */ = {isa = PBXBuildFile; fileRef = F3286D26E5446A4F6582500E /* UniformTypeIdentifiers.framework */; };
		AB6F023F2172F405B3C09517 /* ClipboardWriter.swift in Sources */ = {isa = PBXBuildFile; fileRef = 9642B7F96E4F761564834C4A /* ClipboardWriter.swift */; };
		BD697B4510815D669C49ED58 /* AppConstants.swift in Sources */ = {isa = PBXBuildFile; fileRef = 95DBF760522A6F815151C3C4 /* AppConstants.swift */; };
		BF210E9453AFA29093D3A5C4 /* Assets.xcassets in Resources */ = {isa = PBXBuildFile; fileRef = 9F92CBAC124F9BCE46123CC3 /* Assets.xcassets */; };
		C2E2D92E87A53B23F31EFB2F /* AppKit.framework in Frameworks */ = {isa = PBXBuildFile; fileRef = 4A550C7576D98942D9166E4E /* AppKit.framework */; };
		D445C06CD2CF285CC90C2D1B /* ScreenCaptureKit.framework in Frameworks */ = {isa = PBXBuildFile; fileRef = 8264B4927FA29324B3082C8D /* ScreenCaptureKit.framework */; };
		E072A95831D83AFA37ABEA07 /* DisplayRegistry.swift in Sources */ = {isa = PBXBuildFile; fileRef = A3DD901C56198F1D062B4AE8 /* DisplayRegistry.swift */; };
		E1B2939D4755277F034466CB /* main.swift in Sources */ = {isa = PBXBuildFile; fileRef = F38A5FB4275BDD7A83FE2E46 /* main.swift */; };
		E90D39C7578DD957002731E9 /* Carbon.framework in Frameworks */ = {isa = PBXBuildFile; fileRef = 6D4ACD63848D1EB7513A1A6A /* Carbon.framework */; };
		EFDB370627BB98F053E73789 /* GeometryTests.swift in Sources */ = {isa = PBXBuildFile; fileRef = 2C856E4E8C96345AF6871FB4 /* GeometryTests.swift */; };
		F447DC05FB4295AC863F5F3D /* SceneController.swift in Sources */ = {isa = PBXBuildFile; fileRef = D772A6DCA8827CD65657AB4A /* SceneController.swift */; };
		F945C36AF77F1BA724C634B2 /* Models.swift in Sources */ = {isa = PBXBuildFile; fileRef = 7750B2987E6777230361139F /* Models.swift */; };
/* End PBXBuildFile section */

/* Begin PBXContainerItemProxy section */
		CB5A7DAD9A4B58A7328FF16D /* PBXContainerItemProxy */ = {
			isa = PBXContainerItemProxy;
			containerPortal = EEB49DA1CC652F0D66271020 /* Project object */;
			proxyType = 1;
			remoteGlobalIDString = 2F0F7FB42D8AAC263D33CA9F;
			remoteInfo = QQShotNative;
		};
/* End PBXContainerItemProxy section */

/* Begin PBXFileReference section */
		0AC89C9B42EA6C2529984E14 /* PNGFileWriter.swift */ = {isa = PBXFileReference; lastKnownFileType = sourcecode.swift; path = PNGFileWriter.swift; sourceTree = "<group>"; };
		2C856E4E8C96345AF6871FB4 /* GeometryTests.swift */ = {isa = PBXFileReference; lastKnownFileType = sourcecode.swift; path = GeometryTests.swift; sourceTree = "<group>"; };
		34F9CBD48F456A11298681A3 /* AppDelegate.swift */ = {isa = PBXFileReference; lastKnownFileType = sourcecode.swift; path = AppDelegate.swift; sourceTree = "<group>"; };
		36A892D47683D5E69EADD2DF /* SelectionState.swift */ = {isa = PBXFileReference; lastKnownFileType = sourcecode.swift; path = SelectionState.swift; sourceTree = "<group>"; };
		4A550C7576D98942D9166E4E /* AppKit.framework */ = {isa = PBXFileReference; lastKnownFileType = wrapper.framework; name = AppKit.framework; path = System/Library/Frameworks/AppKit.framework; sourceTree = SDKROOT; };
		4D0F7DD71D4E1BC53EFC26F1 /* ImageCropper.swift */ = {isa = PBXFileReference; lastKnownFileType = sourcecode.swift; path = ImageCropper.swift; sourceTree = "<group>"; };
		4D70B47FE82402969D7F0257 /* QQShotNativeApp.swift */ = {isa = PBXFileReference; lastKnownFileType = sourcecode.swift; path = QQShotNativeApp.swift; sourceTree = "<group>"; };
		6D4ACD63848D1EB7513A1A6A /* Carbon.framework */ = {isa = PBXFileReference; lastKnownFileType = wrapper.framework; name = Carbon.framework; path = System/Library/Frameworks/Carbon.framework; sourceTree = SDKROOT; };
		7560B2696930FD76C6C466FF /* GlobalHotkeyManager.swift */ = {isa = PBXFileReference; lastKnownFileType = sourcecode.swift; path = GlobalHotkeyManager.swift; sourceTree = "<group>"; };
		7750B2987E6777230361139F /* Models.swift */ = {isa = PBXFileReference; lastKnownFileType = sourcecode.swift; path = Models.swift; sourceTree = "<group>"; };
		8264B4927FA29324B3082C8D /* ScreenCaptureKit.framework */ = {isa = PBXFileReference; lastKnownFileType = wrapper.framework; name = ScreenCaptureKit.framework; path = System/Library/Frameworks/ScreenCaptureKit.framework; sourceTree = SDKROOT; };
		8BF2A9F2F3D9B67D15AB1433 /* OverlayView.swift */ = {isa = PBXFileReference; lastKnownFileType = sourcecode.swift; path = OverlayView.swift; sourceTree = "<group>"; };
		95DBF760522A6F815151C3C4 /* AppConstants.swift */ = {isa = PBXFileReference; lastKnownFileType = sourcecode.swift; path = AppConstants.swift; sourceTree = "<group>"; };
		9642B7F96E4F761564834C4A /* ClipboardWriter.swift */ = {isa = PBXFileReference; lastKnownFileType = sourcecode.swift; path = ClipboardWriter.swift; sourceTree = "<group>"; };
		9C7AEDF3F5DE42CB2FBC0D87 /* QQShotNativeTests.xctest */ = {isa = PBXFileReference; explicitFileType = wrapper.cfbundle; includeInIndex = 0; path = QQShotNativeTests.xctest; sourceTree = BUILT_PRODUCTS_DIR; };
		9F92CBAC124F9BCE46123CC3 /* Assets.xcassets */ = {isa = PBXFileReference; lastKnownFileType = folder.assetcatalog; path = Assets.xcassets; sourceTree = "<group>"; };
		A3DD901C56198F1D062B4AE8 /* DisplayRegistry.swift */ = {isa = PBXFileReference; lastKnownFileType = sourcecode.swift; path = DisplayRegistry.swift; sourceTree = "<group>"; };
		AAFA01BCC1C5B5C251F78B69 /* QQShotNative.app */ = {isa = PBXFileReference; explicitFileType = wrapper.application; includeInIndex = 0; path = QQShotNative.app; sourceTree = BUILT_PRODUCTS_DIR; };
		C7EACD178D4BBAEE6372399D /* ScreenCaptureService.swift */ = {isa = PBXFileReference; lastKnownFileType = sourcecode.swift; path = ScreenCaptureService.swift; sourceTree = "<group>"; };
		CFD538739F8F85B93B04CF9B /* CapturePermissions.swift */ = {isa = PBXFileReference; lastKnownFileType = sourcecode.swift; path = CapturePermissions.swift; sourceTree = "<group>"; };
		D772A6DCA8827CD65657AB4A /* SceneController.swift */ = {isa = PBXFileReference; lastKnownFileType = sourcecode.swift; path = SceneController.swift; sourceTree = "<group>"; };
		DCC68AB801BFF8C7936D5AB5 /* ImageIO.framework */ = {isa = PBXFileReference; lastKnownFileType = wrapper.framework; name = ImageIO.framework; path = System/Library/Frameworks/ImageIO.framework; sourceTree = SDKROOT; };
		E0430FBE9892AC99DE9AAE39 /* OverlayWindow.swift */ = {isa = PBXFileReference; lastKnownFileType = sourcecode.swift; path = OverlayWindow.swift; sourceTree = "<group>"; };
		F0AA1952BF92CAFD4551694A /* SelectionRenderer.swift */ = {isa = PBXFileReference; lastKnownFileType = sourcecode.swift; path = SelectionRenderer.swift; sourceTree = "<group>"; };
		F10063C5F30984CB9A7CD8E2 /* CaptureTests.swift */ = {isa = PBXFileReference; lastKnownFileType = sourcecode.swift; path = CaptureTests.swift; sourceTree = "<group>"; };
		F3286D26E5446A4F6582500E /* UniformTypeIdentifiers.framework */ = {isa = PBXFileReference; lastKnownFileType = wrapper.framework; name = UniformTypeIdentifiers.framework; path = System/Library/Frameworks/UniformTypeIdentifiers.framework; sourceTree = SDKROOT; };
		F38A5FB4275BDD7A83FE2E46 /* main.swift */ = {isa = PBXFileReference; lastKnownFileType = sourcecode.swift; path = main.swift; sourceTree = "<group>"; };
		F72D61CD35695EA722736128 /* FileSaver.swift */ = {isa = PBXFileReference; lastKnownFileType = sourcecode.swift; path = FileSaver.swift; sourceTree = "<group>"; };
		FED7EC35F1714F5BC58C7342 /* Logger.swift */ = {isa = PBXFileReference; lastKnownFileType = sourcecode.swift; path = Logger.swift; sourceTree = "<group>"; };
		FF8FDE71395FC0A2DC693D76 /* QQShotCaptureCLI */ = {isa = PBXFileReference; includeInIndex = 0; path = QQShotCaptureCLI; sourceTree = BUILT_PRODUCTS_DIR; };
/* End PBXFileReference section */

/* Begin PBXFrameworksBuildPhase section */
		DC2F358ECFAE9D72755550E4 /* Frameworks */ = {
			isa = PBXFrameworksBuildPhase;
			buildActionMask = 2147483647;
			files = (
				D445C06CD2CF285CC90C2D1B /* ScreenCaptureKit.framework in Frameworks */,
				C2E2D92E87A53B23F31EFB2F /* AppKit.framework in Frameworks */,
				8628392F2FBDE52A6CA15875 /* ImageIO.framework in Frameworks */,
				A88A60F5C2D71B8AFD494218 /* UniformTypeIdentifiers.framework in Frameworks */,
			);
			runOnlyForDeploymentPostprocessing = 0;
		};
		DC6F832AF47A1D2696DF1B12 /* Frameworks */ = {
			isa = PBXFrameworksBuildPhase;
			buildActionMask = 2147483647;
			files = (
				061628E0638E46325E2C694F /* ScreenCaptureKit.framework in Frameworks */,
				E90D39C7578DD957002731E9 /* Carbon.framework in Frameworks */,
			);
			runOnlyForDeploymentPostprocessing = 0;
		};
/* End PBXFrameworksBuildPhase section */

/* Begin PBXGroup section */
		0F93BB35E46CB729A2F5E442 /* Overlay */ = {
			isa = PBXGroup;
			children = (
				8BF2A9F2F3D9B67D15AB1433 /* OverlayView.swift */,
				E0430FBE9892AC99DE9AAE39 /* OverlayWindow.swift */,
				F0AA1952BF92CAFD4551694A /* SelectionRenderer.swift */,
				36A892D47683D5E69EADD2DF /* SelectionState.swift */,
			);
			path = Overlay;
			sourceTree = "<group>";
		};
		324244FEF9B23A3069963744 /* Hotkey */ = {
			isa = PBXGroup;
			children = (
				7560B2696930FD76C6C466FF /* GlobalHotkeyManager.swift */,
			);
			path = Hotkey;
			sourceTree = "<group>";
		};
		4F88803B0087104D2057030A = {
			isa = PBXGroup;
			children = (
				FE74B9FAA899FD0211A374BE /* Actions */,
				704F9904424F4CCD3B532C04 /* Capture */,
				F98B496D26AF328A9E742E22 /* QQShotCaptureCLI */,
				5213BD556D47C5084484E714 /* QQShotNative */,
				850B4C7F4E5AE532DBD2E62A /* Shared */,
				D0D905D45D6E767EAC57CD74 /* Tests */,
				B1257B8139434767DB96B41C /* Frameworks */,
				A2C2CC7FB32CAB72736AEAB6 /* Products */,
			);
			sourceTree = "<group>";
		};
		5213BD556D47C5084484E714 /* QQShotNative */ = {
			isa = PBXGroup;
			children = (
				FE74B9FAA899FD0211A374BE /* Actions */,
				BC061685EB972576BE79717D /* App */,
				704F9904424F4CCD3B532C04 /* Capture */,
				324244FEF9B23A3069963744 /* Hotkey */,
				0F93BB35E46CB729A2F5E442 /* Overlay */,
				899BAF42184FE3461BDDE3EF /* Resources */,
				850B4C7F4E5AE532DBD2E62A /* Shared */,
			);
			path = QQShotNative;
			sourceTree = "<group>";
		};
		704F9904424F4CCD3B532C04 /* Capture */ = {
			isa = PBXGroup;
			children = (
				CFD538739F8F85B93B04CF9B /* CapturePermissions.swift */,
				A3DD901C56198F1D062B4AE8 /* DisplayRegistry.swift */,
				C7EACD178D4BBAEE6372399D /* ScreenCaptureService.swift */,
			);
			name = Capture;
			path = QQShotNative/Capture;
			sourceTree = "<group>";
		};
		850B4C7F4E5AE532DBD2E62A /* Shared */ = {
			isa = PBXGroup;
			children = (
				95DBF760522A6F815151C3C4 /* AppConstants.swift */,
				FED7EC35F1714F5BC58C7342 /* Logger.swift */,
				7750B2987E6777230361139F /* Models.swift */,
			);
			name = Shared;
			path = QQShotNative/Shared;
			sourceTree = "<group>";
		};
		899BAF42184FE3461BDDE3EF /* Resources */ = {
			isa = PBXGroup;
			children = (
				9F92CBAC124F9BCE46123CC3 /* Assets.xcassets */,
			);
			path = Resources;
			sourceTree = "<group>";
		};
		992E651E1ECC452AFFDE6239 /* CaptureTests */ = {
			isa = PBXGroup;
			children = (
				F10063C5F30984CB9A7CD8E2 /* CaptureTests.swift */,
			);
			path = CaptureTests;
			sourceTree = "<group>";
		};
		A2C2CC7FB32CAB72736AEAB6 /* Products */ = {
			isa = PBXGroup;
			children = (
				FF8FDE71395FC0A2DC693D76 /* QQShotCaptureCLI */,
				AAFA01BCC1C5B5C251F78B69 /* QQShotNative.app */,
				9C7AEDF3F5DE42CB2FBC0D87 /* QQShotNativeTests.xctest */,
			);
			name = Products;
			sourceTree = "<group>";
		};
		B1257B8139434767DB96B41C /* Frameworks */ = {
			isa = PBXGroup;
			children = (
				4A550C7576D98942D9166E4E /* AppKit.framework */,
				6D4ACD63848D1EB7513A1A6A /* Carbon.framework */,
				DCC68AB801BFF8C7936D5AB5 /* ImageIO.framework */,
				8264B4927FA29324B3082C8D /* ScreenCaptureKit.framework */,
				F3286D26E5446A4F6582500E /* UniformTypeIdentifiers.framework */,
			);
			name = Frameworks;
			sourceTree = "<group>";
		};
		BC061685EB972576BE79717D /* App */ = {
			isa = PBXGroup;
			children = (
				34F9CBD48F456A11298681A3 /* AppDelegate.swift */,
				4D70B47FE82402969D7F0257 /* QQShotNativeApp.swift */,
				D772A6DCA8827CD65657AB4A /* SceneController.swift */,
			);
			path = App;
			sourceTree = "<group>";
		};
		D0D905D45D6E767EAC57CD74 /* Tests */ = {
			isa = PBXGroup;
			children = (
				992E651E1ECC452AFFDE6239 /* CaptureTests */,
				FA22F41B12C17A161CACC32A /* GeometryTests */,
			);
			path = Tests;
			sourceTree = "<group>";
		};
		F98B496D26AF328A9E742E22 /* QQShotCaptureCLI */ = {
			isa = PBXGroup;
			children = (
				F38A5FB4275BDD7A83FE2E46 /* main.swift */,
			);
			path = QQShotCaptureCLI;
			sourceTree = "<group>";
		};
		FA22F41B12C17A161CACC32A /* GeometryTests */ = {
			isa = PBXGroup;
			children = (
				2C856E4E8C96345AF6871FB4 /* GeometryTests.swift */,
			);
			path = GeometryTests;
			sourceTree = "<group>";
		};
		FE74B9FAA899FD0211A374BE /* Actions */ = {
			isa = PBXGroup;
			children = (
				9642B7F96E4F761564834C4A /* ClipboardWriter.swift */,
				F72D61CD35695EA722736128 /* FileSaver.swift */,
				4D0F7DD71D4E1BC53EFC26F1 /* ImageCropper.swift */,
				0AC89C9B42EA6C2529984E14 /* PNGFileWriter.swift */,
			);
			name = Actions;
			path = QQShotNative/Actions;
			sourceTree = "<group>";
		};
/* End PBXGroup section */

/* Begin PBXNativeTarget section */
		2F0F7FB42D8AAC263D33CA9F /* QQShotNative */ = {
			isa = PBXNativeTarget;
			buildConfigurationList = 68E49576889289D46D965A7F /* Build configuration list for PBXNativeTarget "QQShotNative" */;
			buildPhases = (
				4FFEBC210F38532D879767EF /* Sources */,
				5871F27FF1786F38EFEFCEA2 /* Resources */,
				DC6F832AF47A1D2696DF1B12 /* Frameworks */,
			);
			buildRules = (
			);
			dependencies = (
			);
			name = QQShotNative;
			packageProductDependencies = (
			);
			productName = QQShotNative;
			productReference = AAFA01BCC1C5B5C251F78B69 /* QQShotNative.app */;
			productType = "com.apple.product-type.application";
		};
		393F9588E980454A637796DF /* QQShotNativeTests */ = {
			isa = PBXNativeTarget;
			buildConfigurationList = CDC030D80778BA0E33241E86 /* Build configuration list for PBXNativeTarget "QQShotNativeTests" */;
			buildPhases = (
				53F357F3832FDEB89A5B8E97 /* Sources */,
			);
			buildRules = (
			);
			dependencies = (
				4331ECFC2320D6E3DDF35701 /* PBXTargetDependency */,
			);
			name = QQShotNativeTests;
			packageProductDependencies = (
			);
			productName = QQShotNativeTests;
			productReference = 9C7AEDF3F5DE42CB2FBC0D87 /* QQShotNativeTests.xctest */;
			productType = "com.apple.product-type.bundle.unit-test";
		};
		755A3D8B358997C96E44F564 /* QQShotCaptureCLI */ = {
			isa = PBXNativeTarget;
			buildConfigurationList = 5D30FA70AA5E2D89307A4FD9 /* Build configuration list for PBXNativeTarget "QQShotCaptureCLI" */;
			buildPhases = (
				BFF11BD8431CBCF62295466C /* Sources */,
				DC2F358ECFAE9D72755550E4 /* Frameworks */,
			);
			buildRules = (
			);
			dependencies = (
			);
			name = QQShotCaptureCLI;
			packageProductDependencies = (
			);
			productName = QQShotCaptureCLI;
			productReference = FF8FDE71395FC0A2DC693D76 /* QQShotCaptureCLI */;
			productType = "com.apple.product-type.tool";
		};
/* End PBXNativeTarget section */

/* Begin PBXProject section */
		EEB49DA1CC652F0D66271020 /* Project object */ = {
			isa = PBXProject;
			attributes = {
				BuildIndependentTargetsInParallel = YES;
				LastUpgradeCheck = 1430;
				TargetAttributes = {
					2F0F7FB42D8AAC263D33CA9F = {
						DevelopmentTeam = "";
						ProvisioningStyle = Automatic;
					};
					393F9588E980454A637796DF = {
						DevelopmentTeam = "";
						ProvisioningStyle = Automatic;
					};
					755A3D8B358997C96E44F564 = {
						DevelopmentTeam = "";
						ProvisioningStyle = Automatic;
					};
				};
			};
			buildConfigurationList = E562C3F716F32F4AD996714F /* Build configuration list for PBXProject "QQShotNative" */;
			compatibilityVersion = "Xcode 14.0";
			developmentRegion = en;
			hasScannedForEncodings = 0;
			knownRegions = (
				Base,
				en,
			);
			mainGroup = 4F88803B0087104D2057030A;
			minimizedProjectReferenceProxies = 1;
			preferredProjectObjectVersion = 77;
			projectDirPath = "";
			projectRoot = "";
			targets = (
				755A3D8B358997C96E44F564 /* QQShotCaptureCLI */,
				2F0F7FB42D8AAC263D33CA9F /* QQShotNative */,
				393F9588E980454A637796DF /* QQShotNativeTests */,
			);
		};
/* End PBXProject section */

/* Begin PBXResourcesBuildPhase section */
		5871F27FF1786F38EFEFCEA2 /* Resources */ = {
			isa = PBXResourcesBuildPhase;
			buildActionMask = 2147483647;
			files = (
				BF210E9453AFA29093D3A5C4 /* Assets.xcassets in Resources */,
			);
			runOnlyForDeploymentPostprocessing = 0;
		};
/* End PBXResourcesBuildPhase section */

/* Begin PBXSourcesBuildPhase section */
		4FFEBC210F38532D879767EF /* Sources */ = {
			isa = PBXSourcesBuildPhase;
			buildActionMask = 2147483647;
			files = (
				BD697B4510815D669C49ED58 /* AppConstants.swift in Sources */,
				153B9C3F669CE2B005CC337A /* AppDelegate.swift in Sources */,
				09649F3D0E23395E9A560FF4 /* CapturePermissions.swift in Sources */,
				AB6F023F2172F405B3C09517 /* ClipboardWriter.swift in Sources */,
				E072A95831D83AFA37ABEA07 /* DisplayRegistry.swift in Sources */,
				7D5F90E5952B0835AFD0157E /* FileSaver.swift in Sources */,
				4FD80FC294E62331372F7452 /* GlobalHotkeyManager.swift in Sources */,
				468B665DFF810784119CF70D /* ImageCropper.swift in Sources */,
				7760BE470A1D6DB8EBB64034 /* Logger.swift in Sources */,
				F945C36AF77F1BA724C634B2 /* Models.swift in Sources */,
				3E75805BB2408C6667781557 /* OverlayView.swift in Sources */,
				4667189B9F30FD9D7E0454E1 /* OverlayWindow.swift in Sources */,
				22CACC92B6D6FC651389330A /* PNGFileWriter.swift in Sources */,
				604BFBD385382346DBCC309F /* QQShotNativeApp.swift in Sources */,
				F447DC05FB4295AC863F5F3D /* SceneController.swift in Sources */,
				1655D927E4065B42D29A171A /* ScreenCaptureService.swift in Sources */,
				4605BF8DD907E975B88B706A /* SelectionRenderer.swift in Sources */,
				3B540A89F3E2B8C5C7C10329 /* SelectionState.swift in Sources */,
			);
			runOnlyForDeploymentPostprocessing = 0;
		};
		53F357F3832FDEB89A5B8E97 /* Sources */ = {
			isa = PBXSourcesBuildPhase;
			buildActionMask = 2147483647;
			files = (
				9A37563A3E4FEB64FA83A07F /* CaptureTests.swift in Sources */,
				EFDB370627BB98F053E73789 /* GeometryTests.swift in Sources */,
			);
			runOnlyForDeploymentPostprocessing = 0;
		};
		BFF11BD8431CBCF62295466C /* Sources */ = {
			isa = PBXSourcesBuildPhase;
			buildActionMask = 2147483647;
			files = (
				3A005CD4098D27D95C8B2869 /* CapturePermissions.swift in Sources */,
				138964C69843005C13E94D81 /* DisplayRegistry.swift in Sources */,
				2E59F05815802724D209D083 /* Models.swift in Sources */,
				8E29C0A21C5F7E062B8D954F /* PNGFileWriter.swift in Sources */,
				4260E97965CCBD935C2BA8B2 /* ScreenCaptureService.swift in Sources */,
				E1B2939D4755277F034466CB /* main.swift in Sources */,
			);
			runOnlyForDeploymentPostprocessing = 0;
		};
/* End PBXSourcesBuildPhase section */

/* Begin PBXTargetDependency section */
		4331ECFC2320D6E3DDF35701 /* PBXTargetDependency */ = {
			isa = PBXTargetDependency;
			target = 2F0F7FB42D8AAC263D33CA9F /* QQShotNative */;
			targetProxy = CB5A7DAD9A4B58A7328FF16D /* PBXContainerItemProxy */;
		};
/* End PBXTargetDependency section */

/* Begin XCBuildConfiguration section */
		02A5CF8357F090C028D0113D /* Release */ = {
			isa = XCBuildConfiguration;
			buildSettings = {
				ASSETCATALOG_COMPILER_APPICON_NAME = AppIcon;
				CODE_SIGN_ENTITLEMENTS = QQShotNative/Resources/QQShot.entitlements;
				COMBINE_HIDPI_IMAGES = YES;
				GENERATE_INFOPLIST_FILE = NO;
				INFOPLIST_FILE = QQShotNative/Info.plist;
				LD_RUNPATH_SEARCH_PATHS = (
					"$(inherited)",
					"@executable_path/../Frameworks",
				);
				LSApplicationCategoryType = "public.app-category.utilities";
				PRODUCT_BUNDLE_IDENTIFIER = com.kexin.qqshotnative;
				SDKROOT = macosx;
			};
			name = Release;
		};
		10B9E651C8E4D995E80F2E7C /* Release */ = {
			isa = XCBuildConfiguration;
			buildSettings = {
				ALWAYS_SEARCH_USER_PATHS = NO;
				CLANG_ANALYZER_NONNULL = YES;
				CLANG_ANALYZER_NUMBER_OBJECT_CONVERSION = YES_AGGRESSIVE;
				CLANG_CXX_LANGUAGE_STANDARD = "gnu++14";
				CLANG_CXX_LIBRARY = "libc++";
				CLANG_ENABLE_MODULES = YES;
				CLANG_ENABLE_OBJC_ARC = YES;
				CLANG_ENABLE_OBJC_WEAK = YES;
				CLANG_WARN_BLOCK_CAPTURE_AUTORELEASING = YES;
				CLANG_WARN_BOOL_CONVERSION = YES;
				CLANG_WARN_COMMA = YES;
				CLANG_WARN_CONSTANT_CONVERSION = YES;
				CLANG_WARN_DEPRECATED_OBJC_IMPLEMENTATIONS = YES;
				CLANG_WARN_DIRECT_OBJC_ISA_USAGE = YES_ERROR;
				CLANG_WARN_DOCUMENTATION_COMMENTS = YES;
				CLANG_WARN_EMPTY_BODY = YES;
				CLANG_WARN_ENUM_CONVERSION = YES;
				CLANG_WARN_INFINITE_RECURSION = YES;
				CLANG_WARN_INT_CONVERSION = YES;
				CLANG_WARN_NON_LITERAL_NULL_CONVERSION = YES;
				CLANG_WARN_OBJC_IMPLICIT_RETAIN_SELF = YES;
				CLANG_WARN_OBJC_LITERAL_CONVERSION = YES;
				CLANG_WARN_OBJC_ROOT_CLASS = YES_ERROR;
				CLANG_WARN_QUOTED_INCLUDE_IN_FRAMEWORK_HEADER = YES;
				CLANG_WARN_RANGE_LOOP_ANALYSIS = YES;
				CLANG_WARN_STRICT_PROTOTYPES = YES;
				CLANG_WARN_SUSPICIOUS_MOVE = YES;
				CLANG_WARN_UNGUARDED_AVAILABILITY = YES_AGGRESSIVE;
				CLANG_WARN_UNREACHABLE_CODE = YES;
				CLANG_WARN__DUPLICATE_METHOD_MATCH = YES;
				CODE_SIGN_STYLE = Automatic;
				COPY_PHASE_STRIP = NO;
				DEBUG_INFORMATION_FORMAT = "dwarf-with-dsym";
				DEVELOPMENT_TEAM = "";
				ENABLE_NS_ASSERTIONS = NO;
				ENABLE_STRICT_OBJC_MSGSEND = YES;
				GCC_C_LANGUAGE_STANDARD = gnu11;
				GCC_NO_COMMON_BLOCKS = YES;
				GCC_WARN_64_TO_32_BIT_CONVERSION = YES;
				GCC_WARN_ABOUT_RETURN_TYPE = YES_ERROR;
				GCC_WARN_UNDECLARED_SELECTOR = YES;
				GCC_WARN_UNINITIALIZED_AUTOS = YES_AGGRESSIVE;
				GCC_WARN_UNUSED_FUNCTION = YES;
				GCC_WARN_UNUSED_VARIABLE = YES;
				MACOSX_DEPLOYMENT_TARGET = 14.0;
				MTL_ENABLE_DEBUG_INFO = NO;
				MTL_FAST_MATH = YES;
				PRODUCT_NAME = QQShotNative;
				SDKROOT = macosx;
				SWIFT_COMPILATION_MODE = wholemodule;
				SWIFT_EMIT_LOC_STRINGS = NO;
				SWIFT_OPTIMIZATION_LEVEL = "-O";
				SWIFT_VERSION = 5.9;
			};
			name = Release;
		};
		29A07776F8EE5FE6740DD972 /* Debug */ = {
			isa = XCBuildConfiguration;
			buildSettings = {
				ASSETCATALOG_COMPILER_APPICON_NAME = AppIcon;
				CODE_SIGN_ENTITLEMENTS = QQShotNative/Resources/QQShot.entitlements;
				COMBINE_HIDPI_IMAGES = YES;
				GENERATE_INFOPLIST_FILE = NO;
				INFOPLIST_FILE = QQShotNative/Info.plist;
				LD_RUNPATH_SEARCH_PATHS = (
					"$(inherited)",
					"@executable_path/../Frameworks",
				);
				LSApplicationCategoryType = "public.app-category.utilities";
				PRODUCT_BUNDLE_IDENTIFIER = com.kexin.qqshotnative;
				SDKROOT = macosx;
			};
			name = Debug;
		};
		3F4D1C308C54FD807321D016 /* Debug */ = {
			isa = XCBuildConfiguration;
			buildSettings = {
				ALWAYS_SEARCH_USER_PATHS = NO;
				CLANG_ANALYZER_NONNULL = YES;
				CLANG_ANALYZER_NUMBER_OBJECT_CONVERSION = YES_AGGRESSIVE;
				CLANG_CXX_LANGUAGE_STANDARD = "gnu++14";
				CLANG_CXX_LIBRARY = "libc++";
				CLANG_ENABLE_MODULES = YES;
				CLANG_ENABLE_OBJC_ARC = YES;
				CLANG_ENABLE_OBJC_WEAK = YES;
				CLANG_WARN_BLOCK_CAPTURE_AUTORELEASING = YES;
				CLANG_WARN_BOOL_CONVERSION = YES;
				CLANG_WARN_COMMA = YES;
				CLANG_WARN_CONSTANT_CONVERSION = YES;
				CLANG_WARN_DEPRECATED_OBJC_IMPLEMENTATIONS = YES;
				CLANG_WARN_DIRECT_OBJC_ISA_USAGE = YES_ERROR;
				CLANG_WARN_DOCUMENTATION_COMMENTS = YES;
				CLANG_WARN_EMPTY_BODY = YES;
				CLANG_WARN_ENUM_CONVERSION = YES;
				CLANG_WARN_INFINITE_RECURSION = YES;
				CLANG_WARN_INT_CONVERSION = YES;
				CLANG_WARN_NON_LITERAL_NULL_CONVERSION = YES;
				CLANG_WARN_OBJC_IMPLICIT_RETAIN_SELF = YES;
				CLANG_WARN_OBJC_LITERAL_CONVERSION = YES;
				CLANG_WARN_OBJC_ROOT_CLASS = YES_ERROR;
				CLANG_WARN_QUOTED_INCLUDE_IN_FRAMEWORK_HEADER = YES;
				CLANG_WARN_RANGE_LOOP_ANALYSIS = YES;
				CLANG_WARN_STRICT_PROTOTYPES = YES;
				CLANG_WARN_SUSPICIOUS_MOVE = YES;
				CLANG_WARN_UNGUARDED_AVAILABILITY = YES_AGGRESSIVE;
				CLANG_WARN_UNREACHABLE_CODE = YES;
				CLANG_WARN__DUPLICATE_METHOD_MATCH = YES;
				CODE_SIGN_STYLE = Automatic;
				COPY_PHASE_STRIP = NO;
				DEBUG_INFORMATION_FORMAT = dwarf;
				DEVELOPMENT_TEAM = "";
				ENABLE_STRICT_OBJC_MSGSEND = YES;
				ENABLE_TESTABILITY = YES;
				GCC_C_LANGUAGE_STANDARD = gnu11;
				GCC_DYNAMIC_NO_PIC = NO;
				GCC_NO_COMMON_BLOCKS = YES;
				GCC_OPTIMIZATION_LEVEL = 0;
				GCC_PREPROCESSOR_DEFINITIONS = (
					"$(inherited)",
					"DEBUG=1",
				);
				GCC_WARN_64_TO_32_BIT_CONVERSION = YES;
				GCC_WARN_ABOUT_RETURN_TYPE = YES_ERROR;
				GCC_WARN_UNDECLARED_SELECTOR = YES;
				GCC_WARN_UNINITIALIZED_AUTOS = YES_AGGRESSIVE;
				GCC_WARN_UNUSED_FUNCTION = YES;
				GCC_WARN_UNUSED_VARIABLE = YES;
				MACOSX_DEPLOYMENT_TARGET = 14.0;
				MTL_ENABLE_DEBUG_INFO = INCLUDE_SOURCE;
				MTL_FAST_MATH = YES;
				ONLY_ACTIVE_ARCH = YES;
				PRODUCT_NAME = QQShotNative;
				SDKROOT = macosx;
				SWIFT_ACTIVE_COMPILATION_CONDITIONS = DEBUG;
				SWIFT_EMIT_LOC_STRINGS = NO;
				SWIFT_OPTIMIZATION_LEVEL = "-Onone";
				SWIFT_VERSION = 5.9;
			};
			name = Debug;
		};
		4CD4F88E00E73F962656271A /* Release */ = {
			isa = XCBuildConfiguration;
			buildSettings = {
				COMBINE_HIDPI_IMAGES = YES;
				GENERATE_INFOPLIST_FILE = YES;
				LD_RUNPATH_SEARCH_PATHS = (
					"$(inherited)",
					"@executable_path/../Frameworks",
				);
				PRODUCT_BUNDLE_IDENTIFIER = com.kexin.qqshotcapturecli;
				PRODUCT_MODULE_NAME = QQShotCaptureCLI;
				PRODUCT_NAME = QQShotCaptureCLI;
				SDKROOT = macosx;
			};
			name = Release;
		};
		941B19AFE69853E848641F4F /* Debug */ = {
			isa = XCBuildConfiguration;
			buildSettings = {
				COMBINE_HIDPI_IMAGES = YES;
				GENERATE_INFOPLIST_FILE = YES;
				LD_RUNPATH_SEARCH_PATHS = (
					"$(inherited)",
					"@executable_path/../Frameworks",
				);
				PRODUCT_BUNDLE_IDENTIFIER = com.kexin.qqshotcapturecli;
				PRODUCT_MODULE_NAME = QQShotCaptureCLI;
				PRODUCT_NAME = QQShotCaptureCLI;
				SDKROOT = macosx;
			};
			name = Debug;
		};
		CCD5B81A7AD68266879EAC7E /* Debug */ = {
			isa = XCBuildConfiguration;
			buildSettings = {
				BUNDLE_LOADER = "$(TEST_HOST)";
				COMBINE_HIDPI_IMAGES = YES;
				GENERATE_INFOPLIST_FILE = YES;
				LD_RUNPATH_SEARCH_PATHS = (
					"$(inherited)",
					"@executable_path/../Frameworks",
					"@loader_path/../Frameworks",
				);
				PRODUCT_BUNDLE_IDENTIFIER = com.kexin.qqshotnative.tests;
				PRODUCT_MODULE_NAME = QQShotNativeTests;
				PRODUCT_NAME = QQShotNativeTests;
				SDKROOT = macosx;
				TEST_HOST = "$(BUILT_PRODUCTS_DIR)/QQShotNative.app/Contents/MacOS/QQShotNative";
			};
			name = Debug;
		};
		D3EBD6F466D555BA80A280D6 /* Release */ = {
			isa = XCBuildConfiguration;
			buildSettings = {
				BUNDLE_LOADER = "$(TEST_HOST)";
				COMBINE_HIDPI_IMAGES = YES;
				GENERATE_INFOPLIST_FILE = YES;
				LD_RUNPATH_SEARCH_PATHS = (
					"$(inherited)",
					"@executable_path/../Frameworks",
					"@loader_path/../Frameworks",
				);
				PRODUCT_BUNDLE_IDENTIFIER = com.kexin.qqshotnative.tests;
				PRODUCT_MODULE_NAME = QQShotNativeTests;
				PRODUCT_NAME = QQShotNativeTests;
				SDKROOT = macosx;
				TEST_HOST = "$(BUILT_PRODUCTS_DIR)/QQShotNative.app/Contents/MacOS/QQShotNative";
			};
			name = Release;
		};
/* End XCBuildConfiguration section */

/* Begin XCConfigurationList section */
		5D30FA70AA5E2D89307A4FD9 /* Build configuration list for PBXNativeTarget "QQShotCaptureCLI" */ = {
			isa = XCConfigurationList;
			buildConfigurations = (
				941B19AFE69853E848641F4F /* Debug */,
				4CD4F88E00E73F962656271A /* Release */,
			);
			defaultConfigurationIsVisible = 0;
			defaultConfigurationName = Debug;
		};
		68E49576889289D46D965A7F /* Build configuration list for PBXNativeTarget "QQShotNative" */ = {
			isa = XCConfigurationList;
			buildConfigurations = (
				29A07776F8EE5FE6740DD972 /* Debug */,
				02A5CF8357F090C028D0113D /* Release */,
			);
			defaultConfigurationIsVisible = 0;
			defaultConfigurationName = Debug;
		};
		CDC030D80778BA0E33241E86 /* Build configuration list for PBXNativeTarget "QQShotNativeTests" */ = {
			isa = XCConfigurationList;
			buildConfigurations = (
				CCD5B81A7AD68266879EAC7E /* Debug */,
				D3EBD6F466D555BA80A280D6 /* Release */,
			);
			defaultConfigurationIsVisible = 0;
			defaultConfigurationName = Debug;
		};
		E562C3F716F32F4AD996714F /* Build configuration list for PBXProject "QQShotNative" */ = {
			isa = XCConfigurationList;
			buildConfigurations = (
				3F4D1C308C54FD807321D016 /* Debug */,
				10B9E651C8E4D995E80F2E7C /* Release */,
			);
			defaultConfigurationIsVisible = 0;
			defaultConfigurationName = Debug;
		};
/* End XCConfigurationList section */
	};
	rootObject = EEB49DA1CC652F0D66271020 /* Project object */;
}
